
Microsoft Visual Studio Solution File, Format Version 12.00
# Visual Studio Version 17
VisualStudioVersion = 17.12.35514.174 d17.12
MinimumVisualStudioVersion = 10.0.40219.1
Project("{2150E333-8FDC-42A3-9474-1A3956D46DE8}") = "Task0", "Task0", "{08162596-DCE4-4DB6-959A-EEADAD106F3D}"
EndProject
Project("{FAE04EC0-301F-11D3-BF4B-00C04F79EFBC}") = "Tyuiu.VumaR.Sprint2.Task0.V9", "Tyuiu.VumaR.Sprint2.Task0.V9\Tyuiu.VumaR.Sprint2.Task0.V9.csproj", "{5A9B6A5E-7F41-40A3-B8B0-4DFAB99101D2}"
EndProject
Project("{FAE04EC0-301F-11D3-BF4B-00C04F79EFBC}") = "Tyuiu.VumaR.Sprint2.Task0.V9.Lib", "Tyuiu.VumaR.Sprint2.Task0.V9.Lib\Tyuiu.VumaR.Sprint2.Task0.V9.Lib.csproj", "{76753624-A007-460C-AA24-69F78DB94AC0}"
EndProject
Project("{FAE04EC0-301F-11D3-BF4B-00C04F79EFBC}") = "Tyuiu.VumaR.Sprint2.Task0.V9.Test", "Tyuiu.VumaR.Sprint2.Task0.V9.Test\Tyuiu.VumaR.Sprint2.Task0.V9.Test.csproj", "{491A50F1-35E9-420D-9D5A-2847D3C10A0C}"
EndProject
Project("{2150E333-8FDC-42A3-9474-1A3956D46DE8}") = "Task1", "Task1", "{38CB5D47-1FBF-436C-BE93-370358446D95}"
EndProject
Project("{FAE04EC0-301F-11D3-BF4B-00C04F79EFBC}") = "Tyuiu.VumaR.Sprint2.Task1.V22", "Tyuiu.VumaR.Sprint2.Task1.V22\Tyuiu.VumaR.Sprint2.Task1.V22.csproj", "{3B931EE2-70AA-4D3B-A771-F3725A71BC0F}"
EndProject
Project("{FAE04EC0-301F-11D3-BF4B-00C04F79EFBC}") = "Tyuiu.VumaR.Sprint2.Task1.V22.Lib", "Tyuiu.VumaR.Sprint2.Task1.V22.Lib\Tyuiu.VumaR.Sprint2.Task1.V22.Lib.csproj", "{E8C84838-414D-4DD5-A9D2-02C06AF828FB}"
EndProject
Project("{FAE04EC0-301F-11D3-BF4B-00C04F79EFBC}") = "Tyuiu.VumaR.Sprint2.Task1.V22.Test", "Tyuiu.VumaR.Sprint2.Task1.V22.Test\Tyuiu.VumaR.Sprint2.Task1.V22.Test.csproj", "{A1B08D60-1AD7-4C37-8013-231BD9539E5A}"
EndProject
Project("{2150E333-8FDC-42A3-9474-1A3956D46DE8}") = "Task2", "Task2", "{79071120-4B08-47D0-8B5E-E0116624B05E}"
EndProject
Project("{FAE04EC0-301F-11D3-BF4B-00C04F79EFBC}") = "Tyuiu.VumaR.Sprint2.Task2.V23", "Tyuiu.VumaR.Sprint2.Task2.V23\Tyuiu.VumaR.Sprint2.Task2.V23.csproj", "{C037E566-D332-4118-96E9-9D390C9D97FE}"
EndProject
Project("{FAE04EC0-301F-11D3-BF4B-00C04F79EFBC}") = "Tyuiu.VumaR.Sprint2.Task2.V23.Lib", "Tyuiu.VumaR.Sprint2.Task2.V23.Lib\Tyuiu.VumaR.Sprint2.Task2.V23.Lib.csproj", "{945D0340-13A2-4472-BE73-0C253FB4DA3B}"
EndProject
Project("{FAE04EC0-301F-11D3-BF4B-00C04F79EFBC}") = "Tyuiu.VumaR.Sprint2.Task2.V23.Test", "Tyuiu.VumaR.Sprint2.Task2.V23.Test\Tyuiu.VumaR.Sprint2.Task2.V23.Test.csproj", "{13A67481-4A29-4DB4-A2D0-90B6D82B0461}"
EndProject
Project("{2150E333-8FDC-42A3-9474-1A3956D46DE8}") = "Task3", "Task3", "{6A1EF1E3-E4AB-4249-BEAD-82DA2E628299}"
EndProject
Project("{FAE04EC0-301F-11D3-BF4B-00C04F79EFBC}") = "Tyuiu.VumaR.Sprint2.Task3.V17", "Tyuiu.VumaR.Sprint2.Task3.V17\Tyuiu.VumaR.Sprint2.Task3.V17.csproj", "{E193781B-FAC8-4EA2-BCE9-719530480715}"
EndProject
Project("{FAE04EC0-301F-11D3-BF4B-00C04F79EFBC}") = "Tyuiu.VumaR.Sprint2.Task3.V17.Lib", "Tyuiu.VumaR.Sprint2.Task3.V17.Lib\Tyuiu.VumaR.Sprint2.Task3.V17.Lib.csproj", "{FE652866-14BB-44EB-B7CF-C482FFB366B6}"
EndProject
Project("{FAE04EC0-301F-11D3-BF4B-00C04F79EFBC}") = "Tyuiu.VumaR.Sprint2.Task3.V17.Test", "Tyuiu.VumaR.Sprint2.Task3.V17.Test\Tyuiu.VumaR.Sprint2.Task3.V17.Test.csproj", "{5D6C186D-6679-47FF-B409-A0F91CCFFA28}"
EndProject
Project("{2150E333-8FDC-42A3-9474-1A3956D46DE8}") = "Task4", "Task4", "{C207AA29-DAB7-4237-829C-EFF53B0D3F15}"
EndProject
Project("{FAE04EC0-301F-11D3-BF4B-00C04F79EFBC}") = "Tyuiu.VumaR.Sprint2.Task4.V13", "Tyuiu.VumaR.Sprint2.Task4.V13\Tyuiu.VumaR.Sprint2.Task4.V13.csproj", "{F57E1253-1CF7-41AE-9DDA-5EDCF64CE331}"
EndProject
Project("{FAE04EC0-301F-11D3-BF4B-00C04F79EFBC}") = "Tyuiu.VumaR.Sprint2.Task4.V13.Lib", "Tyuiu.VumaR.Sprint2.Task4.V13.Lib\Tyuiu.VumaR.Sprint2.Task4.V13.Lib.csproj", "{339DD16C-D942-4C2D-88AC-D12631A07463}"
EndProject
Project("{FAE04EC0-301F-11D3-BF4B-00C04F79EFBC}") = "Tyuiu.VumaR.Sprint2.Task4.V13.Test", "Tyuiu.VumaR.Sprint2.Task4.V13.Test\Tyuiu.VumaR.Sprint2.Task4.V13.Test.csproj", "{24458DA0-6077-4C2E-9F88-42E725436B27}"
EndProject
Project("{2150E333-8FDC-42A3-9474-1A3956D46DE8}") = "Task5", "Task5", "{A89064FB-70E0-4E17-9CE5-989A53901CE3}"
EndProject
Project("{FAE04EC0-301F-11D3-BF4B-00C04F79EFBC}") = "Tyuiu.VumaR.Sprint2.Task5.V4", "Tyuiu.VumaR.Sprint2.Task5.V4\Tyuiu.VumaR.Sprint2.Task5.V4.csproj", "{72D6061A-29A1-49A5-97AC-95A2D08CFC56}"
EndProject
Project("{FAE04EC0-301F-11D3-BF4B-00C04F79EFBC}") = "Tyuiu.VumaR.Sprint2.Task5.V4.Lib", "Tyuiu.VumaR.Sprint2.Task5.V4.Lib\Tyuiu.VumaR.Sprint2.Task5.V4.Lib.csproj", "{D384C0A7-4F42-44FC-B64D-4C003A959A6A}"
EndProject
Project("{FAE04EC0-301F-11D3-BF4B-00C04F79EFBC}") = "Tyuiu.VumaR.Sprint2.Task5.V4.Test", "Tyuiu.VumaR.Sprint2.Task5.V4.Test\Tyuiu.VumaR.Sprint2.Task5.V4.Test.csproj", "{A511607F-DC1B-4F8A-9E16-47977DBAB78F}"
EndProject
Project("{2150E333-8FDC-42A3-9474-1A3956D46DE8}") = "Task6", "Task6", "{E9DAC4EE-E788-493B-90FD-A80AEBF8191C}"
EndProject
Project("{FAE04EC0-301F-11D3-BF4B-00C04F79EFBC}") = "Tyuiu.VumaR.Sprint2.Task6.V2", "Tyuiu.VumaR.Sprint2.Task6.V2\Tyuiu.VumaR.Sprint2.Task6.V2.csproj", "{E3498503-DA73-42C4-BD5D-A037E37899BB}"
EndProject
Project("{FAE04EC0-301F-11D3-BF4B-00C04F79EFBC}") = "Tyuiu.VumaR.Sprint2.Task6.V2.Lib", "Tyuiu.VumaR.Sprint2.Task6.V2.Lib\Tyuiu.VumaR.Sprint2.Task6.V2.Lib.csproj", "{F7BF41AD-819D-4401-B376-8A87F21C00D8}"
EndProject
Project("{FAE04EC0-301F-11D3-BF4B-00C04F79EFBC}") = "Tyuiu.VumaR.Sprint2.Task6.V2.Test", "Tyuiu.VumaR.Sprint2.Task6.V2.Test\Tyuiu.VumaR.Sprint2.Task6.V2.Test.csproj", "{A47101D7-2885-4E7C-8D9C-974BEFB05B6B}"
EndProject
Global
	GlobalSection(SolutionConfigurationPlatforms) = preSolution
		Debug|Any CPU = Debug|Any CPU
		Release|Any CPU = Release|Any CPU
	EndGlobalSection
	GlobalSection(ProjectConfigurationPlatforms) = postSolution
		{5A9B6A5E-7F41-40A3-B8B0-4DFAB99101D2}.Debug|Any CPU.ActiveCfg = Debug|Any CPU
		{5A9B6A5E-7F41-40A3-B8B0-4DFAB99101D2}.Debug|Any CPU.Build.0 = Debug|Any CPU
		{5A9B6A5E-7F41-40A3-B8B0-4DFAB99101D2}.Release|Any CPU.ActiveCfg = Release|Any CPU
		{5A9B6A5E-7F41-40A3-B8B0-4DFAB99101D2}.Release|Any CPU.Build.0 = Release|Any CPU
		{76753624-A007-460C-AA24-69F78DB94AC0}.Debug|Any CPU.ActiveCfg = Debug|Any CPU
		{76753624-A007-460C-AA24-69F78DB94AC0}.Debug|Any CPU.Build.0 = Debug|Any CPU
		{76753624-A007-460C-AA24-69F78DB94AC0}.Release|Any CPU.ActiveCfg = Release|Any CPU
		{76753624-A007-460C-AA24-69F78DB94AC0}.Release|Any CPU.Build.0 = Release|Any CPU
		{491A50F1-35E9-420D-9D5A-2847D3C10A0C}.Debug|Any CPU.ActiveCfg = Debug|Any CPU
		{491A50F1-35E9-420D-9D5A-2847D3C10A0C}.Debug|Any CPU.Build.0 = Debug|Any CPU
		{491A50F1-35E9-420D-9D5A-2847D3C10A0C}.Release|Any CPU.ActiveCfg = Release|Any CPU
		{491A50F1-35E9-420D-9D5A-2847D3C10A0C}.Release|Any CPU.Build.0 = Release|Any CPU
		{3B931EE2-70AA-4D3B-A771-F3725A71BC0F}.Debug|Any CPU.ActiveCfg = Debug|Any CPU
		{3B931EE2-70AA-4D3B-A771-F3725A71BC0F}.Debug|Any CPU.Build.0 = Debug|Any CPU
		{3B931EE2-70AA-4D3B-A771-F3725A71BC0F}.Release|Any CPU.ActiveCfg = Release|Any CPU
		{3B931EE2-70AA-4D3B-A771-F3725A71BC0F}.Release|Any CPU.Build.0 = Release|Any CPU
		{E8C84838-414D-4DD5-A9D2-02C06AF828FB}.Debug|Any CPU.ActiveCfg = Debug|Any CPU
		{E8C84838-414D-4DD5-A9D2-02C06AF828FB}.Debug|Any CPU.Build.0 = Debug|Any CPU
		{E8C84838-414D-4DD5-A9D2-02C06AF828FB}.Release|Any CPU.ActiveCfg = Release|Any CPU
		{E8C84838-414D-4DD5-A9D2-02C06AF828FB}.Release|Any CPU.Build.0 = Release|Any CPU
		{A1B08D60-1AD7-4C37-8013-231BD9539E5A}.Debug|Any CPU.ActiveCfg = Debug|Any CPU
		{A1B08D60-1AD7-4C37-8013-231BD9539E5A}.Debug|Any CPU.Build.0 = Debug|Any CPU
		{A1B08D60-1AD7-4C37-8013-231BD9539E5A}.Release|Any CPU.ActiveCfg = Release|Any CPU
		{A1B08D60-1AD7-4C37-8013-231BD9539E5A}.Release|Any CPU.Build.0 = Release|Any CPU
		{C037E566-D332-4118-96E9-9D390C9D97FE}.Debug|Any CPU.ActiveCfg = Debug|Any CPU
		{C037E566-D332-4118-96E9-9D390C9D97FE}.Debug|Any CPU.Build.0 = Debug|Any CPU
		{C037E566-D332-4118-96E9-9D390C9D97FE}.Release|Any CPU.ActiveCfg = Release|Any CPU
		{C037E566-D332-4118-96E9-9D390C9D97FE}.Release|Any CPU.Build.0 = Release|Any CPU
		{945D0340-13A2-4472-BE73-0C253FB4DA3B}.Debug|Any CPU.ActiveCfg = Debug|Any CPU
		{945D0340-13A2-4472-BE73-0C253FB4DA3B}.Debug|Any CPU.Build.0 = Debug|Any CPU
		{945D0340-13A2-4472-BE73-0C253FB4DA3B}.Release|Any CPU.ActiveCfg = Release|Any CPU
		{945D0340-13A2-4472-BE73-0C253FB4DA3B}.Release|Any CPU.Build.0 = Release|Any CPU
		{13A67481-4A29-4DB4-A2D0-90B6D82B0461}.Debug|Any CPU.ActiveCfg = Debug|Any CPU
		{13A67481-4A29-4DB4-A2D0-90B6D82B0461}.Debug|Any CPU.Build.0 = Debug|Any CPU
		{13A67481-4A29-4DB4-A2D0-90B6D82B0461}.Release|Any CPU.ActiveCfg = Release|Any CPU
		{13A67481-4A29-4DB4-A2D0-90B6D82B0461}.Release|Any CPU.Build.0 = Release|Any CPU
		{E193781B-FAC8-4EA2-BCE9-719530480715}.Debug|Any CPU.ActiveCfg = Debug|Any CPU
		{E193781B-FAC8-4EA2-BCE9-719530480715}.Debug|Any CPU.Build.0 = Debug|Any CPU
		{E193781B-FAC8-4EA2-BCE9-719530480715}.Release|Any CPU.ActiveCfg = Release|Any CPU
		{E193781B-FAC8-4EA2-BCE9-719530480715}.Release|Any CPU.Build.0 = Release|Any CPU
		{FE652866-14BB-44EB-B7CF-C482FFB366B6}.Debug|Any CPU.ActiveCfg = Debug|Any CPU
		{FE652866-14BB-44EB-B7CF-C482FFB366B6}.Debug|Any CPU.Build.0 = Debug|Any CPU
		{FE652866-14BB-44EB-B7CF-C482FFB366B6}.Release|Any CPU.ActiveCfg = Release|Any CPU
		{FE652866-14BB-44EB-B7CF-C482FFB366B6}.Release|Any CPU.Build.0 = Release|Any CPU
		{5D6C186D-6679-47FF-B409-A0F91CCFFA28}.Debug|Any CPU.ActiveCfg = Debug|Any CPU
		{5D6C186D-6679-47FF-B409-A0F91CCFFA28}.Debug|Any CPU.Build.0 = Debug|Any CPU
		{5D6C186D-6679-47FF-B409-A0F91CCFFA28}.Release|Any CPU.ActiveCfg = Release|Any CPU
		{5D6C186D-6679-47FF-B409-A0F91CCFFA28}.Release|Any CPU.Build.0 = Release|Any CPU
		{F57E1253-1CF7-41AE-9DDA-5EDCF64CE331}.Debug|Any CPU.ActiveCfg = Debug|Any CPU
		{F57E1253-1CF7-41AE-9DDA-5EDCF64CE331}.Debug|Any CPU.Build.0 = Debug|Any CPU
		{F57E1253-1CF7-41AE-9DDA-5EDCF64CE331}.Release|Any CPU.ActiveCfg = Release|Any CPU
		{F57E1253-1CF7-41AE-9DDA-5EDCF64CE331}.Release|Any CPU.Build.0 = Release|Any CPU
		{339DD16C-D942-4C2D-88AC-D12631A07463}.Debug|Any CPU.ActiveCfg = Debug|Any CPU
		{339DD16C-D942-4C2D-88AC-D12631A07463}.Debug|Any CPU.Build.0 = Debug|Any CPU
		{339DD16C-D942-4C2D-88AC-D12631A07463}.Release|Any CPU.ActiveCfg = Release|Any CPU
		{339DD16C-D942-4C2D-88AC-D12631A07463}.Release|Any CPU.Build.0 = Release|Any CPU
		{24458DA0-6077-4C2E-9F88-42E725436B27}.Debug|Any CPU.ActiveCfg = Debug|Any CPU
		{24458DA0-6077-4C2E-9F88-42E725436B27}.Debug|Any CPU.Build.0 = Debug|Any CPU
		{24458DA0-6077-4C2E-9F88-42E725436B27}.Release|Any CPU.ActiveCfg = Release|Any CPU
		{24458DA0-6077-4C2E-9F88-42E725436B27}.Release|Any CPU.Build.0 = Release|Any CPU
		{72D6061A-29A1-49A5-97AC-95A2D08CFC56}.Debug|Any CPU.ActiveCfg = Debug|Any CPU
		{72D6061A-29A1-49A5-97AC-95A2D08CFC56}.Debug|Any CPU.Build.0 = Debug|Any CPU
		{72D6061A-29A1-49A5-97AC-95A2D08CFC56}.Release|Any CPU.ActiveCfg = Release|Any CPU
		{72D6061A-29A1-49A5-97AC-95A2D08CFC56}.Release|Any CPU.Build.0 = Release|Any CPU
		{D384C0A7-4F42-44FC-B64D-4C003A959A6A}.Debug|Any CPU.ActiveCfg = Debug|Any CPU
		{D384C0A7-4F42-44FC-B64D-4C003A959A6A}.Debug|Any CPU.Build.0 = Debug|Any CPU
		{D384C0A7-4F42-44FC-B64D-4C003A959A6A}.Release|Any CPU.ActiveCfg = Release|Any CPU
		{D384C0A7-4F42-44FC-B64D-4C003A959A6A}.Release|Any CPU.Build.0 = Release|Any CPU
		{A511607F-DC1B-4F8A-9E16-47977DBAB78F}.Debug|Any CPU.ActiveCfg = Debug|Any CPU
		{A511607F-DC1B-4F8A-9E16-47977DBAB78F}.Debug|Any CPU.Build.0 = Debug|Any CPU
		{A511607F-DC1B-4F8A-9E16-47977DBAB78F}.Release|Any CPU.ActiveCfg = Release|Any CPU
		{A511607F-DC1B-4F8A-9E16-47977DBAB78F}.Release|Any CPU.Build.0 = Release|Any CPU
		{E3498503-DA73-42C4-BD5D-A037E37899BB}.Debug|Any CPU.ActiveCfg = Debug|Any CPU
		{E3498503-DA73-42C4-BD5D-A037E37899BB}.Debug|Any CPU.Build.0 = Debug|Any CPU
		{E3498503-DA73-42C4-BD5D-A037E37899BB}.Release|Any CPU.ActiveCfg = Release|Any CPU
		{E3498503-DA73-42C4-BD5D-A037E37899BB}.Release|Any CPU.Build.0 = Release|Any CPU
		{F7BF41AD-819D-4401-B376-8A87F21C00D8}.Debug|Any CPU.ActiveCfg = Debug|Any CPU
		{F7BF41AD-819D-4401-B376-8A87F21C00D8}.Debug|Any CPU.Build.0 = Debug|Any CPU
		{F7BF41AD-819D-4401-B376-8A87F21C00D8}.Release|Any CPU.ActiveCfg = Release|Any CPU
		{F7BF41AD-819D-4401-B376-8A87F21C00D8}.Release|Any CPU.Build.0 = Release|Any CPU
		{A47101D7-2885-4E7C-8D9C-974BEFB05B6B}.Debug|Any CPU.ActiveCfg = Debug|Any CPU
		{A47101D7-2885-4E7C-8D9C-974BEFB05B6B}.Debug|Any CPU.Build.0 = Debug|Any CPU
		{A47101D7-2885-4E7C-8D9C-974BEFB05B6B}.Release|Any CPU.ActiveCfg = Release|Any CPU
		{A47101D7-2885-4E7C-8D9C-974BEFB05B6B}.Release|Any CPU.Build.0 = Release|Any CPU
	EndGlobalSection
	GlobalSection(SolutionProperties) = preSolution
		HideSolutionNode = FALSE
	EndGlobalSection
	GlobalSection(NestedProjects) = preSolution
		{5A9B6A5E-7F41-40A3-B8B0-4DFAB99101D2} = {08162596-DCE4-4DB6-959A-EEADAD106F3D}
		{76753624-A007-460C-AA24-69F78DB94AC0} = {08162596-DCE4-4DB6-959A-EEADAD106F3D}
		{491A50F1-35E9-420D-9D5A-2847D3C10A0C} = {08162596-DCE4-4DB6-959A-EEADAD106F3D}
		{3B931EE2-70AA-4D3B-A771-F3725A71BC0F} = {38CB5D47-1FBF-436C-BE93-370358446D95}
		{E8C84838-414D-4DD5-A9D2-02C06AF828FB} = {38CB5D47-1FBF-436C-BE93-370358446D95}
		{A1B08D60-1AD7-4C37-8013-231BD9539E5A} = {38CB5D47-1FBF-436C-BE93-370358446D95}
		{C037E566-D332-4118-96E9-9D390C9D97FE} = {79071120-4B08-47D0-8B5E-E0116624B05E}
		{945D0340-13A2-4472-BE73-0C253FB4DA3B} = {79071120-4B08-47D0-8B5E-E0116624B05E}
		{13A67481-4A29-4DB4-A2D0-90B6D82B0461} = {79071120-4B08-47D0-8B5E-E0116624B05E}
		{E193781B-FAC8-4EA2-BCE9-719530480715} = {6A1EF1E3-E4AB-4249-BEAD-82DA2E628299}
		{FE652866-14BB-44EB-B7CF-C482FFB366B6} = {6A1EF1E3-E4AB-4249-BEAD-82DA2E628299}
		{5D6C186D-6679-47FF-B409-A0F91CCFFA28} = {6A1EF1E3-E4AB-4249-BEAD-82DA2E628299}
		{F57E1253-1CF7-41AE-9DDA-5EDCF64CE331} = {C207AA29-DAB7-4237-829C-EFF53B0D3F15}
		{339DD16C-D942-4C2D-88AC-D12631A07463} = {C207AA29-DAB7-4237-829C-EFF53B0D3F15}
		{24458DA0-6077-4C2E-9F88-42E725436B27} = {C207AA29-DAB7-4237-829C-EFF53B0D3F15}
		{72D6061A-29A1-49A5-97AC-95A2D08CFC56} = {A89064FB-70E0-4E17-9CE5-989A53901CE3}
		{D384C0A7-4F42-44FC-B64D-4C003A959A6A} = {A89064FB-70E0-4E17-9CE5-989A53901CE3}
		{A511607F-DC1B-4F8A-9E16-47977DBAB78F} = {A89064FB-70E0-4E17-9CE5-989A53901CE3}
		{E3498503-DA73-42C4-BD5D-A037E37899BB} = {E9DAC4EE-E788-493B-90FD-A80AEBF8191C}
		{F7BF41AD-819D-4401-B376-8A87F21C00D8} = {E9DAC4EE-E788-493B-90FD-A80AEBF8191C}
		{A47101D7-2885-4E7C-8D9C-974BEFB05B6B} = {E9DAC4EE-E788-493B-90FD-A80AEBF8191C}
	EndGlobalSection
EndGlobal
