
Microsoft Visual Studio Solution File, Format Version 12.00
# Visual Studio Version 17
VisualStudioVersion = 17.12.35514.174 d17.12
MinimumVisualStudioVersion = 10.0.40219.1
Project("{2150E333-8FDC-42A3-9474-1A3956D46DE8}") = "Task0", "Task0", "{324F37B1-306F-471F-A649-6B283BBB3894}"
EndProject
Project("{FAE04EC0-301F-11D3-BF4B-00C04F79EFBC}") = "Tyuiu.VumaR.Sprint1.Task0.V9", "Tyuiu.VumaR.Sprint1.Task0.V9\Tyuiu.VumaR.Sprint1.Task0.V9.csproj", "{14595DA3-44E3-442C-A8E5-2A69F09D8E6A}"
EndProject
Project("{FAE04EC0-301F-11D3-BF4B-00C04F79EFBC}") = "Tyuiu.VumaR.Sprint1.Task0.V9.Lib", "Tyuiu.VumaR.Sprint1.Task0.V9.Lib\Tyuiu.VumaR.Sprint1.Task0.V9.Lib.csproj", "{BFEB26F8-44E6-4F32-B152-75F24C83E008}"
EndProject
Project("{FAE04EC0-301F-11D3-BF4B-00C04F79EFBC}") = "Tyuiu.VumaR.Sprint1.Task0.V9.Test", "Tyuiu.VumaR.Sprint1.Task0.V9.Test\Tyuiu.VumaR.Sprint1.Task0.V9.Test.csproj", "{062DF616-FACC-41BC-8878-3E3D4D8F27AF}"
EndProject
Project("{2150E333-8FDC-42A3-9474-1A3956D46DE8}") = "Task1", "Task1", "{E4633CE6-402B-4D06-AB9C-5BEEBA2D6D72}"
EndProject
Project("{FAE04EC0-301F-11D3-BF4B-00C04F79EFBC}") = "Tyuiu.VumaR.Sprint1.Task1.V22", "Tyuiu.VumaR.Sprint1.Task1.V22\Tyuiu.VumaR.Sprint1.Task1.V22.csproj", "{FE2C51C3-3B2E-461C-AF23-0DF3EDA29E10}"
EndProject
Project("{FAE04EC0-301F-11D3-BF4B-00C04F79EFBC}") = "Tyuiu.VumaR.Sprint1.Task1.V22.Lib", "Tyuiu.VumaR.Sprint1.Task1.V22.Lib\Tyuiu.VumaR.Sprint1.Task1.V22.Lib.csproj", "{BD6E4504-B0C7-4CCD-ADAD-512930C97388}"
EndProject
Project("{FAE04EC0-301F-11D3-BF4B-00C04F79EFBC}") = "Tyuiu.VumaR.Sprint1.Task1.V22.Test", "Tyuiu.VumaR.Sprint1.Task1.V22.Test\Tyuiu.VumaR.Sprint1.Task1.V22.Test.csproj", "{E3749E68-483A-4892-A44C-A7966816301E}"
EndProject
Project("{2150E333-8FDC-42A3-9474-1A3956D46DE8}") = "Task2", "Task2", "{E1C0DC80-0EFC-49B0-9264-BC1BD001F425}"
EndProject
Project("{FAE04EC0-301F-11D3-BF4B-00C04F79EFBC}") = "Tyuiu.VumaR.Sprint1.Task2.V23", "Tyuiu.VumaR.Sprint1.Task2.V23\Tyuiu.VumaR.Sprint1.Task2.V23.csproj", "{6719D82E-B032-4DB2-811F-3C031E9C558D}"
EndProject
Project("{FAE04EC0-301F-11D3-BF4B-00C04F79EFBC}") = "Tyuiu.VumaR.Sprint1.Task2.V23.Lib", "Tyuiu.VumaR.Sprint1.Task2.V23.Lib\Tyuiu.VumaR.Sprint1.Task2.V23.Lib.csproj", "{350D5254-058B-4715-89DF-D7FF918C2E73}"
EndProject
Project("{FAE04EC0-301F-11D3-BF4B-00C04F79EFBC}") = "Tyuiu.VumaR.Sprint1.Task2.V23.Test", "Tyuiu.VumaR.Sprint1.Task2.V23.Test\Tyuiu.VumaR.Sprint1.Task2.V23.Test.csproj", "{68C89CAA-B5A1-4AD8-B65A-718CA7370C41}"
EndProject
Project("{2150E333-8FDC-42A3-9474-1A3956D46DE8}") = "Task3", "Task3", "{AF2160EA-7B77-4AA6-A4BE-2CB1E2A3E91F}"
EndProject
Project("{FAE04EC0-301F-11D3-BF4B-00C04F79EFBC}") = "Tyuiu.VumaR.Sprint1.Task3.V17", "Tyuiu.VumaR.Sprint1.Task3.V17\Tyuiu.VumaR.Sprint1.Task3.V17.csproj", "{0A47EB45-A9FD-4B7C-88B4-5E291D35F8F9}"
EndProject
Project("{FAE04EC0-301F-11D3-BF4B-00C04F79EFBC}") = "Tyuiu.VumaR.Sprint1.Task3.V17.Lib", "Tyuiu.VumaR.Sprint1.Task3.V17.Lib\Tyuiu.VumaR.Sprint1.Task3.V17.Lib.csproj", "{282377BD-B38D-4350-B4FA-B305B7601200}"
EndProject
Project("{FAE04EC0-301F-11D3-BF4B-00C04F79EFBC}") = "Tyuiu.VumaR.Sprint1.Task3.V17.Test", "Tyuiu.VumaR.Sprint1.Task3.V17.Test\Tyuiu.VumaR.Sprint1.Task3.V17.Test.csproj", "{CE149F58-5F42-4120-A4A4-9847BF44A900}"
EndProject
Project("{2150E333-8FDC-42A3-9474-1A3956D46DE8}") = "Task4", "Task4", "{794177F4-3978-4444-AE1D-937ABE2F0747}"
EndProject
Project("{FAE04EC0-301F-11D3-BF4B-00C04F79EFBC}") = "Tyuiu.VumaR.Sprint1.Task4.V13", "Tyuiu.VumaR.Sprint1.Task4.V13\Tyuiu.VumaR.Sprint1.Task4.V13.csproj", "{35FF276C-F6C7-4B41-B4F8-BE0E4516E75B}"
EndProject
Project("{FAE04EC0-301F-11D3-BF4B-00C04F79EFBC}") = "Tyuiu.VumaR.Sprint1.Task4.V13.Lib", "Tyuiu.VumaR.Sprint1.Task4.V13.Lib\Tyuiu.VumaR.Sprint1.Task4.V13.Lib.csproj", "{F826E57E-34B0-4F24-B26D-8990245212CB}"
EndProject
Project("{FAE04EC0-301F-11D3-BF4B-00C04F79EFBC}") = "Tyuiu.VumaR.Sprint1.Task4.V13.Test", "Tyuiu.VumaR.Sprint1.Task4.V13.Test\Tyuiu.VumaR.Sprint1.Task4.V13.Test.csproj", "{87BF530D-26D0-46FD-8EA1-332709565319}"
EndProject
Project("{2150E333-8FDC-42A3-9474-1A3956D46DE8}") = "Task5", "Task5", "{64154650-12D3-4E2F-AE96-F34CCB393426}"
EndProject
Project("{FAE04EC0-301F-11D3-BF4B-00C04F79EFBC}") = "Tyuiu.VumaR.Sprint1.Task5.V4", "Tyuiu.VumaR.Sprint1.Task5.V4\Tyuiu.VumaR.Sprint1.Task5.V4.csproj", "{366A3E86-E5A4-4214-9B62-899214BF3993}"
EndProject
Project("{FAE04EC0-301F-11D3-BF4B-00C04F79EFBC}") = "Tyuiu.VumaR.Sprint1.Task5.V4.Lib", "Tyuiu.VumaR.Sprint1.Task5.V4.Lib\Tyuiu.VumaR.Sprint1.Task5.V4.Lib.csproj", "{F2C90D73-C5E6-4CFA-A759-74F49C4970EB}"
EndProject
Project("{FAE04EC0-301F-11D3-BF4B-00C04F79EFBC}") = "Tyuiu.VumaR.Sprint1.Task5.V4.Test", "Tyuiu.VumaR.Sprint1.Task5.V4.Test\Tyuiu.VumaR.Sprint1.Task5.V4.Test.csproj", "{A9D67FE1-AD1E-4CFF-A8A3-301842961021}"
EndProject
Project("{2150E333-8FDC-42A3-9474-1A3956D46DE8}") = "Task6", "Task6", "{7AFAF1C3-6162-4C0B-A376-E6A60655BC49}"
EndProject
Project("{FAE04EC0-301F-11D3-BF4B-00C04F79EFBC}") = "Tyuiu.VumaR.Sprint1.Task6.V2", "Tyuiu.VumaR.Sprint1.Task6.V2\Tyuiu.VumaR.Sprint1.Task6.V2.csproj", "{D970221A-022D-4E0F-B324-2F347AD8ED16}"
EndProject
Project("{FAE04EC0-301F-11D3-BF4B-00C04F79EFBC}") = "Tyuiu.VumaR.Sprint1.Task6.V2.Lib", "Tyuiu.VumaR.Sprint1.Task6.V2.Lib\Tyuiu.VumaR.Sprint1.Task6.V2.Lib.csproj", "{03B3E69E-BD80-44FF-9F96-E215D458595E}"
EndProject
Project("{FAE04EC0-301F-11D3-BF4B-00C04F79EFBC}") = "Tyuiu.VumaR.Sprint1.Task6.V2.Test", "Tyuiu.VumaR.Sprint1.Task6.V2.Test\Tyuiu.VumaR.Sprint1.Task6.V2.Test.csproj", "{A91030B7-C9EF-4B10-BA98-A8225DCA9944}"
EndProject
Project("{2150E333-8FDC-42A3-9474-1A3956D46DE8}") = "Task7", "Task7", "{CFCC587C-60CC-4235-BBF6-71B33E7D9A56}"
EndProject
Project("{FAE04EC0-301F-11D3-BF4B-00C04F79EFBC}") = "Tyuiu.VumaR.Sprint1.Task7.V2", "Tyuiu.VumaR.Sprint1.Task7.V2\Tyuiu.VumaR.Sprint1.Task7.V2.csproj", "{73863334-7B8D-4878-AA5F-F48E4419AC74}"
EndProject
Project("{FAE04EC0-301F-11D3-BF4B-00C04F79EFBC}") = "Tyuiu.VumaR.Sprint1.Task7.V2.Lib", "Tyuiu.VumaR.Sprint1.Task7.V2.Lib\Tyuiu.VumaR.Sprint1.Task7.V2.Lib.csproj", "{6E3E0593-A66D-48E5-8978-5A37D909A745}"
EndProject
Project("{FAE04EC0-301F-11D3-BF4B-00C04F79EFBC}") = "Tyuiu.VumaR.Sprint1.Task7.V2.Test", "Tyuiu.VumaR.Sprint1.Task7.V2.Test\Tyuiu.VumaR.Sprint1.Task7.V2.Test.csproj", "{DB1B8493-A079-4418-93E2-41DFE62AFB40}"
EndProject
Global
	GlobalSection(SolutionConfigurationPlatforms) = preSolution
		Debug|Any CPU = Debug|Any CPU
		Release|Any CPU = Release|Any CPU
	EndGlobalSection
	GlobalSection(ProjectConfigurationPlatforms) = postSolution
		{14595DA3-44E3-442C-A8E5-2A69F09D8E6A}.Debug|Any CPU.ActiveCfg = Debug|Any CPU
		{14595DA3-44E3-442C-A8E5-2A69F09D8E6A}.Debug|Any CPU.Build.0 = Debug|Any CPU
		{14595DA3-44E3-442C-A8E5-2A69F09D8E6A}.Release|Any CPU.ActiveCfg = Release|Any CPU
		{14595DA3-44E3-442C-A8E5-2A69F09D8E6A}.Release|Any CPU.Build.0 = Release|Any CPU
		{BFEB26F8-44E6-4F32-B152-75F24C83E008}.Debug|Any CPU.ActiveCfg = Debug|Any CPU
		{BFEB26F8-44E6-4F32-B152-75F24C83E008}.Debug|Any CPU.Build.0 = Debug|Any CPU
		{BFEB26F8-44E6-4F32-B152-75F24C83E008}.Release|Any CPU.ActiveCfg = Release|Any CPU
		{BFEB26F8-44E6-4F32-B152-75F24C83E008}.Release|Any CPU.Build.0 = Release|Any CPU
		{062DF616-FACC-41BC-8878-3E3D4D8F27AF}.Debug|Any CPU.ActiveCfg = Debug|Any CPU
		{062DF616-FACC-41BC-8878-3E3D4D8F27AF}.Debug|Any CPU.Build.0 = Debug|Any CPU
		{062DF616-FACC-41BC-8878-3E3D4D8F27AF}.Release|Any CPU.ActiveCfg = Release|Any CPU
		{062DF616-FACC-41BC-8878-3E3D4D8F27AF}.Release|Any CPU.Build.0 = Release|Any CPU
		{FE2C51C3-3B2E-461C-AF23-0DF3EDA29E10}.Debug|Any CPU.ActiveCfg = Debug|Any CPU
		{FE2C51C3-3B2E-461C-AF23-0DF3EDA29E10}.Debug|Any CPU.Build.0 = Debug|Any CPU
		{FE2C51C3-3B2E-461C-AF23-0DF3EDA29E10}.Release|Any CPU.ActiveCfg = Release|Any CPU
		{FE2C51C3-3B2E-461C-AF23-0DF3EDA29E10}.Release|Any CPU.Build.0 = Release|Any CPU
		{BD6E4504-B0C7-4CCD-ADAD-512930C97388}.Debug|Any CPU.ActiveCfg = Debug|Any CPU
		{BD6E4504-B0C7-4CCD-ADAD-512930C97388}.Debug|Any CPU.Build.0 = Debug|Any CPU
		{BD6E4504-B0C7-4CCD-ADAD-512930C97388}.Release|Any CPU.ActiveCfg = Release|Any CPU
		{BD6E4504-B0C7-4CCD-ADAD-512930C97388}.Release|Any CPU.Build.0 = Release|Any CPU
		{E3749E68-483A-4892-A44C-A7966816301E}.Debug|Any CPU.ActiveCfg = Debug|Any CPU
		{E3749E68-483A-4892-A44C-A7966816301E}.Debug|Any CPU.Build.0 = Debug|Any CPU
		{E3749E68-483A-4892-A44C-A7966816301E}.Release|Any CPU.ActiveCfg = Release|Any CPU
		{E3749E68-483A-4892-A44C-A7966816301E}.Release|Any CPU.Build.0 = Release|Any CPU
		{6719D82E-B032-4DB2-811F-3C031E9C558D}.Debug|Any CPU.ActiveCfg = Debug|Any CPU
		{6719D82E-B032-4DB2-811F-3C031E9C558D}.Debug|Any CPU.Build.0 = Debug|Any CPU
		{6719D82E-B032-4DB2-811F-3C031E9C558D}.Release|Any CPU.ActiveCfg = Release|Any CPU
		{6719D82E-B032-4DB2-811F-3C031E9C558D}.Release|Any CPU.Build.0 = Release|Any CPU
		{350D5254-058B-4715-89DF-D7FF918C2E73}.Debug|Any CPU.ActiveCfg = Debug|Any CPU
		{350D5254-058B-4715-89DF-D7FF918C2E73}.Debug|Any CPU.Build.0 = Debug|Any CPU
		{350D5254-058B-4715-89DF-D7FF918C2E73}.Release|Any CPU.ActiveCfg = Release|Any CPU
		{350D5254-058B-4715-89DF-D7FF918C2E73}.Release|Any CPU.Build.0 = Release|Any CPU
		{68C89CAA-B5A1-4AD8-B65A-718CA7370C41}.Debug|Any CPU.ActiveCfg = Debug|Any CPU
		{68C89CAA-B5A1-4AD8-B65A-718CA7370C41}.Debug|Any CPU.Build.0 = Debug|Any CPU
		{68C89CAA-B5A1-4AD8-B65A-718CA7370C41}.Release|Any CPU.ActiveCfg = Release|Any CPU
		{68C89CAA-B5A1-4AD8-B65A-718CA7370C41}.Release|Any CPU.Build.0 = Release|Any CPU
		{0A47EB45-A9FD-4B7C-88B4-5E291D35F8F9}.Debug|Any CPU.ActiveCfg = Debug|Any CPU
		{0A47EB45-A9FD-4B7C-88B4-5E291D35F8F9}.Debug|Any CPU.Build.0 = Debug|Any CPU
		{0A47EB45-A9FD-4B7C-88B4-5E291D35F8F9}.Release|Any CPU.ActiveCfg = Release|Any CPU
		{0A47EB45-A9FD-4B7C-88B4-5E291D35F8F9}.Release|Any CPU.Build.0 = Release|Any CPU
		{282377BD-B38D-4350-B4FA-B305B7601200}.Debug|Any CPU.ActiveCfg = Debug|Any CPU
		{282377BD-B38D-4350-B4FA-B305B7601200}.Debug|Any CPU.Build.0 = Debug|Any CPU
		{282377BD-B38D-4350-B4FA-B305B7601200}.Release|Any CPU.ActiveCfg = Release|Any CPU
		{282377BD-B38D-4350-B4FA-B305B7601200}.Release|Any CPU.Build.0 = Release|Any CPU
		{CE149F58-5F42-4120-A4A4-9847BF44A900}.Debug|Any CPU.ActiveCfg = Debug|Any CPU
		{CE149F58-5F42-4120-A4A4-9847BF44A900}.Debug|Any CPU.Build.0 = Debug|Any CPU
		{CE149F58-5F42-4120-A4A4-9847BF44A900}.Release|Any CPU.ActiveCfg = Release|Any CPU
		{CE149F58-5F42-4120-A4A4-9847BF44A900}.Release|Any CPU.Build.0 = Release|Any CPU
		{35FF276C-F6C7-4B41-B4F8-BE0E4516E75B}.Debug|Any CPU.ActiveCfg = Debug|Any CPU
		{35FF276C-F6C7-4B41-B4F8-BE0E4516E75B}.Debug|Any CPU.Build.0 = Debug|Any CPU
		{35FF276C-F6C7-4B41-B4F8-BE0E4516E75B}.Release|Any CPU.ActiveCfg = Release|Any CPU
		{35FF276C-F6C7-4B41-B4F8-BE0E4516E75B}.Release|Any CPU.Build.0 = Release|Any CPU
		{F826E57E-34B0-4F24-B26D-8990245212CB}.Debug|Any CPU.ActiveCfg = Debug|Any CPU
		{F826E57E-34B0-4F24-B26D-8990245212CB}.Debug|Any CPU.Build.0 = Debug|Any CPU
		{F826E57E-34B0-4F24-B26D-8990245212CB}.Release|Any CPU.ActiveCfg = Release|Any CPU
		{F826E57E-34B0-4F24-B26D-8990245212CB}.Release|Any CPU.Build.0 = Release|Any CPU
		{87BF530D-26D0-46FD-8EA1-332709565319}.Debug|Any CPU.ActiveCfg = Debug|Any CPU
		{87BF530D-26D0-46FD-8EA1-332709565319}.Debug|Any CPU.Build.0 = Debug|Any CPU
		{87BF530D-26D0-46FD-8EA1-332709565319}.Release|Any CPU.ActiveCfg = Release|Any CPU
		{87BF530D-26D0-46FD-8EA1-332709565319}.Release|Any CPU.Build.0 = Release|Any CPU
		{366A3E86-E5A4-4214-9B62-899214BF3993}.Debug|Any CPU.ActiveCfg = Debug|Any CPU
		{366A3E86-E5A4-4214-9B62-899214BF3993}.Debug|Any CPU.Build.0 = Debug|Any CPU
		{366A3E86-E5A4-4214-9B62-899214BF3993}.Release|Any CPU.ActiveCfg = Release|Any CPU
		{366A3E86-E5A4-4214-9B62-899214BF3993}.Release|Any CPU.Build.0 = Release|Any CPU
		{F2C90D73-C5E6-4CFA-A759-74F49C4970EB}.Debug|Any CPU.ActiveCfg = Debug|Any CPU
		{F2C90D73-C5E6-4CFA-A759-74F49C4970EB}.Debug|Any CPU.Build.0 = Debug|Any CPU
		{F2C90D73-C5E6-4CFA-A759-74F49C4970EB}.Release|Any CPU.ActiveCfg = Release|Any CPU
		{F2C90D73-C5E6-4CFA-A759-74F49C4970EB}.Release|Any CPU.Build.0 = Release|Any CPU
		{A9D67FE1-AD1E-4CFF-A8A3-301842961021}.Debug|Any CPU.ActiveCfg = Debug|Any CPU
		{A9D67FE1-AD1E-4CFF-A8A3-301842961021}.Debug|Any CPU.Build.0 = Debug|Any CPU
		{A9D67FE1-AD1E-4CFF-A8A3-301842961021}.Release|Any CPU.ActiveCfg = Release|Any CPU
		{A9D67FE1-AD1E-4CFF-A8A3-301842961021}.Release|Any CPU.Build.0 = Release|Any CPU
		{D970221A-022D-4E0F-B324-2F347AD8ED16}.Debug|Any CPU.ActiveCfg = Debug|Any CPU
		{D970221A-022D-4E0F-B324-2F347AD8ED16}.Debug|Any CPU.Build.0 = Debug|Any CPU
		{D970221A-022D-4E0F-B324-2F347AD8ED16}.Release|Any CPU.ActiveCfg = Release|Any CPU
		{D970221A-022D-4E0F-B324-2F347AD8ED16}.Release|Any CPU.Build.0 = Release|Any CPU
		{03B3E69E-BD80-44FF-9F96-E215D458595E}.Debug|Any CPU.ActiveCfg = Debug|Any CPU
		{03B3E69E-BD80-44FF-9F96-E215D458595E}.Debug|Any CPU.Build.0 = Debug|Any CPU
		{03B3E69E-BD80-44FF-9F96-E215D458595E}.Release|Any CPU.ActiveCfg = Release|Any CPU
		{03B3E69E-BD80-44FF-9F96-E215D458595E}.Release|Any CPU.Build.0 = Release|Any CPU
		{A91030B7-C9EF-4B10-BA98-A8225DCA9944}.Debug|Any CPU.ActiveCfg = Debug|Any CPU
		{A91030B7-C9EF-4B10-BA98-A8225DCA9944}.Debug|Any CPU.Build.0 = Debug|Any CPU
		{A91030B7-C9EF-4B10-BA98-A8225DCA9944}.Release|Any CPU.ActiveCfg = Release|Any CPU
		{A91030B7-C9EF-4B10-BA98-A8225DCA9944}.Release|Any CPU.Build.0 = Release|Any CPU
		{73863334-7B8D-4878-AA5F-F48E4419AC74}.Debug|Any CPU.ActiveCfg = Debug|Any CPU
		{73863334-7B8D-4878-AA5F-F48E4419AC74}.Debug|Any CPU.Build.0 = Debug|Any CPU
		{73863334-7B8D-4878-AA5F-F48E4419AC74}.Release|Any CPU.ActiveCfg = Release|Any CPU
		{73863334-7B8D-4878-AA5F-F48E4419AC74}.Release|Any CPU.Build.0 = Release|Any CPU
		{6E3E0593-A66D-48E5-8978-5A37D909A745}.Debug|Any CPU.ActiveCfg = Debug|Any CPU
		{6E3E0593-A66D-48E5-8978-5A37D909A745}.Debug|Any CPU.Build.0 = Debug|Any CPU
		{6E3E0593-A66D-48E5-8978-5A37D909A745}.Release|Any CPU.ActiveCfg = Release|Any CPU
		{6E3E0593-A66D-48E5-8978-5A37D909A745}.Release|Any CPU.Build.0 = Release|Any CPU
		{DB1B8493-A079-4418-93E2-41DFE62AFB40}.Debug|Any CPU.ActiveCfg = Debug|Any CPU
		{DB1B8493-A079-4418-93E2-41DFE62AFB40}.Debug|Any CPU.Build.0 = Debug|Any CPU
		{DB1B8493-A079-4418-93E2-41DFE62AFB40}.Release|Any CPU.ActiveCfg = Release|Any CPU
		{DB1B8493-A079-4418-93E2-41DFE62AFB40}.Release|Any CPU.Build.0 = Release|Any CPU
	EndGlobalSection
	GlobalSection(SolutionProperties) = preSolution
		HideSolutionNode = FALSE
	EndGlobalSection
	GlobalSection(NestedProjects) = preSolution
		{14595DA3-44E3-442C-A8E5-2A69F09D8E6A} = {324F37B1-306F-471F-A649-6B283BBB3894}
		{BFEB26F8-44E6-4F32-B152-75F24C83E008} = {324F37B1-306F-471F-A649-6B283BBB3894}
		{062DF616-FACC-41BC-8878-3E3D4D8F27AF} = {324F37B1-306F-471F-A649-6B283BBB3894}
		{FE2C51C3-3B2E-461C-AF23-0DF3EDA29E10} = {E4633CE6-402B-4D06-AB9C-5BEEBA2D6D72}
		{BD6E4504-B0C7-4CCD-ADAD-512930C97388} = {E4633CE6-402B-4D06-AB9C-5BEEBA2D6D72}
		{E3749E68-483A-4892-A44C-A7966816301E} = {E4633CE6-402B-4D06-AB9C-5BEEBA2D6D72}
		{6719D82E-B032-4DB2-811F-3C031E9C558D} = {E1C0DC80-0EFC-49B0-9264-BC1BD001F425}
		{350D5254-058B-4715-89DF-D7FF918C2E73} = {E1C0DC80-0EFC-49B0-9264-BC1BD001F425}
		{68C89CAA-B5A1-4AD8-B65A-718CA7370C41} = {E1C0DC80-0EFC-49B0-9264-BC1BD001F425}
		{0A47EB45-A9FD-4B7C-88B4-5E291D35F8F9} = {AF2160EA-7B77-4AA6-A4BE-2CB1E2A3E91F}
		{282377BD-B38D-4350-B4FA-B305B7601200} = {AF2160EA-7B77-4AA6-A4BE-2CB1E2A3E91F}
		{CE149F58-5F42-4120-A4A4-9847BF44A900} = {AF2160EA-7B77-4AA6-A4BE-2CB1E2A3E91F}
		{35FF276C-F6C7-4B41-B4F8-BE0E4516E75B} = {794177F4-3978-4444-AE1D-937ABE2F0747}
		{F826E57E-34B0-4F24-B26D-8990245212CB} = {794177F4-3978-4444-AE1D-937ABE2F0747}
		{87BF530D-26D0-46FD-8EA1-332709565319} = {794177F4-3978-4444-AE1D-937ABE2F0747}
		{366A3E86-E5A4-4214-9B62-899214BF3993} = {64154650-12D3-4E2F-AE96-F34CCB393426}
		{F2C90D73-C5E6-4CFA-A759-74F49C4970EB} = {64154650-12D3-4E2F-AE96-F34CCB393426}
		{A9D67FE1-AD1E-4CFF-A8A3-301842961021} = {64154650-12D3-4E2F-AE96-F34CCB393426}
		{D970221A-022D-4E0F-B324-2F347AD8ED16} = {7AFAF1C3-6162-4C0B-A376-E6A60655BC49}
		{03B3E69E-BD80-44FF-9F96-E215D458595E} = {7AFAF1C3-6162-4C0B-A376-E6A60655BC49}
		{A91030B7-C9EF-4B10-BA98-A8225DCA9944} = {7AFAF1C3-6162-4C0B-A376-E6A60655BC49}
		{73863334-7B8D-4878-AA5F-F48E4419AC74} = {CFCC587C-60CC-4235-BBF6-71B33E7D9A56}
		{6E3E0593-A66D-48E5-8978-5A37D909A745} = {CFCC587C-60CC-4235-BBF6-71B33E7D9A56}
		{DB1B8493-A079-4418-93E2-41DFE62AFB40} = {CFCC587C-60CC-4235-BBF6-71B33E7D9A56}
	EndGlobalSection
EndGlobal
